
Microsoft Visual Studio Solution File, Format Version 12.00
# Visual Studio Version 17
VisualStudioVersion = 17.6.33815.320
MinimumVisualStudioVersion = 10.0.40219.1
Project("{FAE04EC0-301F-11D3-BF4B-00C04F79EFBC}") = "ECom", "ECom\ECom.csproj", "{F0DD89A1-DE8F-4A79-8839-CF8E67D7706D}"
EndProject
Global
	GlobalSection(SolutionConfigurationPlatforms) = preSolution
		Debug|Any CPU = Debug|Any CPU
		Release|Any CPU = Release|Any CPU
	EndGlobalSection
	GlobalSection(ProjectConfigurationPlatforms) = postSolution
		{F0DD89A1-DE8F-4A79-8839-CF8E67D7706D}.Debug|Any CPU.ActiveCfg = Debug|Any CPU
		{F0DD89A1-DE8F-4A79-8839-CF8E67D7706D}.Debug|Any CPU.Build.0 = Debug|Any CPU
		{F0DD89A1-DE8F-4A79-8839-CF8E67D7706D}.Release|Any CPU.ActiveCfg = Release|Any CPU
		{F0DD89A1-DE8F-4A79-8839-CF8E67D7706D}.Release|Any CPU.Build.0 = Release|Any CPU
	EndGlobalSection
	GlobalSection(SolutionProperties) = preSolution
		HideSolutionNode = FALSE
	EndGlobalSection
	GlobalSection(ExtensibilityGlobals) = postSolution
		SolutionGuid = {9B982D0E-E847-497E-BD7F-3CC163F111ED}
	EndGlobalSection
EndGlobal
